
Microsoft Visual Studio Solution File, Format Version 12.00
# Visual Studio Version 17
VisualStudioVersion = 17.8.34525.116
MinimumVisualStudioVersion = 10.0.40219.1
Project("{9A19103F-16F7-4668-BE54-9A1E7A4F7556}") = "DoggetTelegramBot.Presentation", "src\DoggetTelegramBot.Presentation\DoggetTelegramBot.Presentation.csproj", "{EFB1B8B1-6969-4D9E-BDFF-C200F134D6CC}"
EndProject
Project("{2150E333-8FDC-42A3-9474-1A3956D46DE8}") = "src", "src", "{6C55B5EB-2618-4AD9-AD95-5C28C41BCFB8}"
EndProject
Project("{9A19103F-16F7-4668-BE54-9A1E7A4F7556}") = "DoggetTelegramBot.Application", "src\DoggetTelegramBot.Application\DoggetTelegramBot.Application.csproj", "{7A371784-DABC-49C2-B689-BFD0BDBB21B4}"
EndProject
Project("{9A19103F-16F7-4668-BE54-9A1E7A4F7556}") = "DoggetTelegramBot.Infrastructure", "src\DoggetTelegramBot.Infrastructure\DoggetTelegramBot.Infrastructure.csproj", "{0DF5D379-B780-4B6D-A06E-DC312CB4A2C8}"
EndProject
Project("{9A19103F-16F7-4668-BE54-9A1E7A4F7556}") = "DoggetTelegramBot.Domain", "src\DoggetTelegramBot.Domain\DoggetTelegramBot.Domain.csproj", "{A686790E-8434-4A48-80A0-6E1FD5ACD13C}"
EndProject
Project("{2150E333-8FDC-42A3-9474-1A3956D46DE8}") = "Solution items", "Solution items", "{9701C3A2-9BCA-4964-B865-C02FBF0B3E5D}"
	ProjectSection(SolutionItems) = preProject
		.editorconfig = .editorconfig
	EndProjectSection
EndProject
Global
	GlobalSection(SolutionConfigurationPlatforms) = preSolution
		Debug|Any CPU = Debug|Any CPU
		Release|Any CPU = Release|Any CPU
	EndGlobalSection
	GlobalSection(ProjectConfigurationPlatforms) = postSolution
		{EFB1B8B1-6969-4D9E-BDFF-C200F134D6CC}.Debug|Any CPU.ActiveCfg = Debug|Any CPU
		{EFB1B8B1-6969-4D9E-BDFF-C200F134D6CC}.Debug|Any CPU.Build.0 = Debug|Any CPU
		{EFB1B8B1-6969-4D9E-BDFF-C200F134D6CC}.Release|Any CPU.ActiveCfg = Release|Any CPU
		{EFB1B8B1-6969-4D9E-BDFF-C200F134D6CC}.Release|Any CPU.Build.0 = Release|Any CPU
		{7A371784-DABC-49C2-B689-BFD0BDBB21B4}.Debug|Any CPU.ActiveCfg = Debug|Any CPU
		{7A371784-DABC-49C2-B689-BFD0BDBB21B4}.Debug|Any CPU.Build.0 = Debug|Any CPU
		{7A371784-DABC-49C2-B689-BFD0BDBB21B4}.Release|Any CPU.ActiveCfg = Release|Any CPU
		{7A371784-DABC-49C2-B689-BFD0BDBB21B4}.Release|Any CPU.Build.0 = Release|Any CPU
		{0DF5D379-B780-4B6D-A06E-DC312CB4A2C8}.Debug|Any CPU.ActiveCfg = Debug|Any CPU
		{0DF5D379-B780-4B6D-A06E-DC312CB4A2C8}.Debug|Any CPU.Build.0 = Debug|Any CPU
		{0DF5D379-B780-4B6D-A06E-DC312CB4A2C8}.Release|Any CPU.ActiveCfg = Release|Any CPU
		{0DF5D379-B780-4B6D-A06E-DC312CB4A2C8}.Release|Any CPU.Build.0 = Release|Any CPU
		{A686790E-8434-4A48-80A0-6E1FD5ACD13C}.Debug|Any CPU.ActiveCfg = Debug|Any CPU
		{A686790E-8434-4A48-80A0-6E1FD5ACD13C}.Debug|Any CPU.Build.0 = Debug|Any CPU
		{A686790E-8434-4A48-80A0-6E1FD5ACD13C}.Release|Any CPU.ActiveCfg = Release|Any CPU
		{A686790E-8434-4A48-80A0-6E1FD5ACD13C}.Release|Any CPU.Build.0 = Release|Any CPU
	EndGlobalSection
	GlobalSection(SolutionProperties) = preSolution
		HideSolutionNode = FALSE
	EndGlobalSection
	GlobalSection(NestedProjects) = preSolution
		{EFB1B8B1-6969-4D9E-BDFF-C200F134D6CC} = {6C55B5EB-2618-4AD9-AD95-5C28C41BCFB8}
		{7A371784-DABC-49C2-B689-BFD0BDBB21B4} = {6C55B5EB-2618-4AD9-AD95-5C28C41BCFB8}
		{0DF5D379-B780-4B6D-A06E-DC312CB4A2C8} = {6C55B5EB-2618-4AD9-AD95-5C28C41BCFB8}
		{A686790E-8434-4A48-80A0-6E1FD5ACD13C} = {6C55B5EB-2618-4AD9-AD95-5C28C41BCFB8}
	EndGlobalSection
	GlobalSection(ExtensibilityGlobals) = postSolution
		SolutionGuid = {1EB09932-3C61-4739-9A10-8B29B8612D61}
	EndGlobalSection
EndGlobal
